
Microsoft Visual Studio Solution File, Format Version 12.00
# Visual Studio 15
VisualStudioVersion = 15.0.28010.2046
MinimumVisualStudioVersion = 10.0.40219.1
Project("{FAE04EC0-301F-11D3-BF4B-00C04F79EFBC}") = "Hiz.Interop.Printing", "Hiz.Interop.Printing\Hiz.Interop.Printing.csproj", "{497A5CEF-855B-49A6-BA02-1F41E8D06032}"
EndProject
Global
	GlobalSection(SolutionConfigurationPlatforms) = preSolution
		Debug|Any CPU = Debug|Any CPU
		Release|Any CPU = Release|Any CPU
	EndGlobalSection
	GlobalSection(ProjectConfigurationPlatforms) = postSolution
		{497A5CEF-855B-49A6-BA02-1F41E8D06032}.Debug|Any CPU.ActiveCfg = Debug|Any CPU
		{497A5CEF-855B-49A6-BA02-1F41E8D06032}.Debug|Any CPU.Build.0 = Debug|Any CPU
		{497A5CEF-855B-49A6-BA02-1F41E8D06032}.Release|Any CPU.ActiveCfg = Release|Any CPU
		{497A5CEF-855B-49A6-BA02-1F41E8D06032}.Release|Any CPU.Build.0 = Release|Any CPU
	EndGlobalSection
	GlobalSection(SolutionProperties) = preSolution
		HideSolutionNode = FALSE
	EndGlobalSection
	GlobalSection(ExtensibilityGlobals) = postSolution
		SolutionGuid = {ECF082F8-BA43-4997-A037-ECBFC44466F5}
	EndGlobalSection
EndGlobal
